
Microsoft Visual Studio Solution File, Format Version 12.00
# Visual Studio Version 17
VisualStudioVersion = 17.0.32014.148
MinimumVisualStudioVersion = 10.0.40219.1
Project("{FAE04EC0-301F-11D3-BF4B-00C04F79EFBC}") = "pet-service-v1", "pet-service-v1\pet-service-v1.csproj", "{96C32DD7-534E-44BF-AA6D-589037524096}"
EndProject
Global
	GlobalSection(SolutionConfigurationPlatforms) = preSolution
		Debug|Any CPU = Debug|Any CPU
		Release|Any CPU = Release|Any CPU
	EndGlobalSection
	GlobalSection(ProjectConfigurationPlatforms) = postSolution
		{96C32DD7-534E-44BF-AA6D-589037524096}.Debug|Any CPU.ActiveCfg = Debug|Any CPU
		{96C32DD7-534E-44BF-AA6D-589037524096}.Debug|Any CPU.Build.0 = Debug|Any CPU
		{96C32DD7-534E-44BF-AA6D-589037524096}.Release|Any CPU.ActiveCfg = Release|Any CPU
		{96C32DD7-534E-44BF-AA6D-589037524096}.Release|Any CPU.Build.0 = Release|Any CPU
	EndGlobalSection
	GlobalSection(SolutionProperties) = preSolution
		HideSolutionNode = FALSE
	EndGlobalSection
	GlobalSection(ExtensibilityGlobals) = postSolution
		SolutionGuid = {E6331446-04F9-4D37-92D4-1FE0504F8380}
	EndGlobalSection
EndGlobal
